
Microsoft Visual Studio Solution File, Format Version 12.00
# Visual Studio Version 17
VisualStudioVersion = 17.11.35327.3
MinimumVisualStudioVersion = 10.0.40219.1
Project("{9A19103F-16F7-4668-BE54-9A1E7A4F7556}") = "CodeChallengeJuntosSomos.Api", "CodeChallengeJuntosSomos\CodeChallengeJuntosSomos.Api.csproj", "{72A307EE-4EA2-4836-BAA2-2408A4D42BCA}"
EndProject
Project("{9A19103F-16F7-4668-BE54-9A1E7A4F7556}") = "CodeChallengeJuntosSomos.Shared", "CodeChallengeJuntosSomos.Shared\CodeChallengeJuntosSomos.Shared.csproj", "{4AE26B45-890C-4E6D-81D5-2B8C9B957933}"
EndProject
Project("{9A19103F-16F7-4668-BE54-9A1E7A4F7556}") = "CodeChallengeJuntosSomos.UseCase", "CodeChallengeJuntosSomos.UseCase\CodeChallengeJuntosSomos.UseCase.csproj", "{FDD37C94-E72B-4B6F-8DD5-01D3A360EC5F}"
EndProject
Project("{9A19103F-16F7-4668-BE54-9A1E7A4F7556}") = "CodeChallengeJuntosSomos.Borders", "CodeChallengeJuntosSomos.Borders\CodeChallengeJuntosSomos.Borders.csproj", "{7AD0A81C-7ACD-44AF-B670-FD7DB2FC54CA}"
EndProject
Project("{FAE04EC0-301F-11D3-BF4B-00C04F79EFBC}") = "CodeChallengeJuntosSomos.Repositories", "CodeChallengeJuntosSomos.Repositories\CodeChallengeJuntosSomos.Repositories.csproj", "{C87D5582-CC93-4690-A082-0C3F0DF07994}"
EndProject
Global
	GlobalSection(SolutionConfigurationPlatforms) = preSolution
		Debug|Any CPU = Debug|Any CPU
		Release|Any CPU = Release|Any CPU
	EndGlobalSection
	GlobalSection(ProjectConfigurationPlatforms) = postSolution
		{72A307EE-4EA2-4836-BAA2-2408A4D42BCA}.Debug|Any CPU.ActiveCfg = Debug|Any CPU
		{72A307EE-4EA2-4836-BAA2-2408A4D42BCA}.Debug|Any CPU.Build.0 = Debug|Any CPU
		{72A307EE-4EA2-4836-BAA2-2408A4D42BCA}.Release|Any CPU.ActiveCfg = Release|Any CPU
		{72A307EE-4EA2-4836-BAA2-2408A4D42BCA}.Release|Any CPU.Build.0 = Release|Any CPU
		{4AE26B45-890C-4E6D-81D5-2B8C9B957933}.Debug|Any CPU.ActiveCfg = Debug|Any CPU
		{4AE26B45-890C-4E6D-81D5-2B8C9B957933}.Debug|Any CPU.Build.0 = Debug|Any CPU
		{4AE26B45-890C-4E6D-81D5-2B8C9B957933}.Release|Any CPU.ActiveCfg = Release|Any CPU
		{4AE26B45-890C-4E6D-81D5-2B8C9B957933}.Release|Any CPU.Build.0 = Release|Any CPU
		{FDD37C94-E72B-4B6F-8DD5-01D3A360EC5F}.Debug|Any CPU.ActiveCfg = Debug|Any CPU
		{FDD37C94-E72B-4B6F-8DD5-01D3A360EC5F}.Debug|Any CPU.Build.0 = Debug|Any CPU
		{FDD37C94-E72B-4B6F-8DD5-01D3A360EC5F}.Release|Any CPU.ActiveCfg = Release|Any CPU
		{FDD37C94-E72B-4B6F-8DD5-01D3A360EC5F}.Release|Any CPU.Build.0 = Release|Any CPU
		{7AD0A81C-7ACD-44AF-B670-FD7DB2FC54CA}.Debug|Any CPU.ActiveCfg = Debug|Any CPU
		{7AD0A81C-7ACD-44AF-B670-FD7DB2FC54CA}.Debug|Any CPU.Build.0 = Debug|Any CPU
		{7AD0A81C-7ACD-44AF-B670-FD7DB2FC54CA}.Release|Any CPU.ActiveCfg = Release|Any CPU
		{7AD0A81C-7ACD-44AF-B670-FD7DB2FC54CA}.Release|Any CPU.Build.0 = Release|Any CPU
		{C87D5582-CC93-4690-A082-0C3F0DF07994}.Debug|Any CPU.ActiveCfg = Debug|Any CPU
		{C87D5582-CC93-4690-A082-0C3F0DF07994}.Debug|Any CPU.Build.0 = Debug|Any CPU
		{C87D5582-CC93-4690-A082-0C3F0DF07994}.Release|Any CPU.ActiveCfg = Release|Any CPU
		{C87D5582-CC93-4690-A082-0C3F0DF07994}.Release|Any CPU.Build.0 = Release|Any CPU
	EndGlobalSection
	GlobalSection(SolutionProperties) = preSolution
		HideSolutionNode = FALSE
	EndGlobalSection
	GlobalSection(ExtensibilityGlobals) = postSolution
		SolutionGuid = {4365327D-8E9B-47BB-9DD2-0ACBD438459B}
	EndGlobalSection
EndGlobal
